
Microsoft Visual Studio Solution File, Format Version 12.00
Project("{FAE04EC0-301F-11D3-BF4B-00C04F79EFBC}") = "Puzzle", "Puzzle\Puzzle.csproj", "{6B36BED1-9301-498A-9901-ABCF89B5E0AF}"
EndProject
Global
	GlobalSection(SolutionConfigurationPlatforms) = preSolution
		Debug|Any CPU = Debug|Any CPU
		Release|Any CPU = Release|Any CPU
	EndGlobalSection
	GlobalSection(ProjectConfigurationPlatforms) = postSolution
		{6B36BED1-9301-498A-9901-ABCF89B5E0AF}.Debug|Any CPU.ActiveCfg = Debug|Any CPU
		{6B36BED1-9301-498A-9901-ABCF89B5E0AF}.Debug|Any CPU.Build.0 = Debug|Any CPU
		{6B36BED1-9301-498A-9901-ABCF89B5E0AF}.Release|Any CPU.ActiveCfg = Release|Any CPU
		{6B36BED1-9301-498A-9901-ABCF89B5E0AF}.Release|Any CPU.Build.0 = Release|Any CPU
	EndGlobalSection
EndGlobal
